
Microsoft Visual Studio Solution File, Format Version 12.00
# Visual Studio Version 17
VisualStudioVersion = 17.1.32210.238
MinimumVisualStudioVersion = 10.0.40219.1
Project("{FAE04EC0-301F-11D3-BF4B-00C04F79EFBC}") = "Interpretadordenumero.ConsoleApp", "Interpretadordenumero.ConsoleApp\Interpretadordenumero.ConsoleApp.csproj", "{43C672DE-9420-44F1-A614-8F8473A73D4C}"
EndProject
Global
	GlobalSection(SolutionConfigurationPlatforms) = preSolution
		Debug|Any CPU = Debug|Any CPU
		Release|Any CPU = Release|Any CPU
	EndGlobalSection
	GlobalSection(ProjectConfigurationPlatforms) = postSolution
		{43C672DE-9420-44F1-A614-8F8473A73D4C}.Debug|Any CPU.ActiveCfg = Debug|Any CPU
		{43C672DE-9420-44F1-A614-8F8473A73D4C}.Debug|Any CPU.Build.0 = Debug|Any CPU
		{43C672DE-9420-44F1-A614-8F8473A73D4C}.Release|Any CPU.ActiveCfg = Release|Any CPU
		{43C672DE-9420-44F1-A614-8F8473A73D4C}.Release|Any CPU.Build.0 = Release|Any CPU
	EndGlobalSection
	GlobalSection(SolutionProperties) = preSolution
		HideSolutionNode = FALSE
	EndGlobalSection
	GlobalSection(ExtensibilityGlobals) = postSolution
		SolutionGuid = {011474A6-EB87-49BA-A1D0-0CF588636C35}
	EndGlobalSection
EndGlobal
